// !$*UTF8*$!
{
	archiveVersion = 1;
	classes = {
	};
	objectVersion = 50;
	objects = {

/* Begin PBXBuildFile section */
		FB2C5EB720CEAD4B00F3B06D /* PostViewController.swift in Sources */ = {isa = PBXBuildFile; fileRef = FB2C5EB620CEAD4B00F3B06D /* PostViewController.swift */; };
		FB70D3B520CB78C80012C144 /* AppDelegate.swift in Sources */ = {isa = PBXBuildFile; fileRef = FB70D3B420CB78C80012C144 /* AppDelegate.swift */; };
		FB70D3B720CB78C80012C144 /* ViewController.swift in Sources */ = {isa = PBXBuildFile; fileRef = FB70D3B620CB78C80012C144 /* ViewController.swift */; };
		FB70D3BA20CB78C80012C144 /* Main.storyboard in Resources */ = {isa = PBXBuildFile; fileRef = FB70D3B820CB78C80012C144 /* Main.storyboard */; };
		FB70D3BC20CB78CA0012C144 /* Assets.xcassets in Resources */ = {isa = PBXBuildFile; fileRef = FB70D3BB20CB78CA0012C144 /* Assets.xcassets */; };
		FB70D3BF20CB78CA0012C144 /* LaunchScreen.storyboard in Resources */ = {isa = PBXBuildFile; fileRef = FB70D3BD20CB78CA0012C144 /* LaunchScreen.storyboard */; };
		FBF9623220CD602900AB93F2 /* PostCollection.swift in Sources */ = {isa = PBXBuildFile; fileRef = FBF9623120CD602900AB93F2 /* PostCollection.swift */; };
/* End PBXBuildFile section */

/* Begin PBXFileReference section */
		FB2C5EB620CEAD4B00F3B06D /* PostViewController.swift */ = {isa = PBXFileReference; lastKnownFileType = sourcecode.swift; path = PostViewController.swift; sourceTree = "<group>"; };
		FB70D3B120CB78C80012C144 /* ios_blog.app */ = {isa = PBXFileReference; explicitFileType = wrapper.application; includeInIndex = 0; path = ios_blog.app; sourceTree = BUILT_PRODUCTS_DIR; };
		FB70D3B420CB78C80012C144 /* AppDelegate.swift */ = {isa = PBXFileReference; lastKnownFileType = sourcecode.swift; path = AppDelegate.swift; sourceTree = "<group>"; };
		FB70D3B620CB78C80012C144 /* ViewController.swift */ = {isa = PBXFileReference; lastKnownFileType = sourcecode.swift; path = ViewController.swift; sourceTree = "<group>"; };
		FB70D3B920CB78C80012C144 /* Base */ = {isa = PBXFileReference; lastKnownFileType = file.storyboard; name = Base; path = Base.lproj/Main.storyboard; sourceTree = "<group>"; };
		FB70D3BB20CB78CA0012C144 /* Assets.xcassets */ = {isa = PBXFileReference; lastKnownFileType = folder.assetcatalog; path = Assets.xcassets; sourceTree = "<group>"; };
		FB70D3BE20CB78CA0012C144 /* Base */ = {isa = PBXFileReference; lastKnownFileType = file.storyboard; name = Base; path = Base.lproj/LaunchScreen.storyboard; sourceTree = "<group>"; };
		FB70D3C020CB78CA0012C144 /* Info.plist */ = {isa = PBXFileReference; lastKnownFileType = text.plist.xml; path = Info.plist; sourceTree = "<group>"; };
		FBF9623120CD602900AB93F2 /* PostCollection.swift */ = {isa = PBXFileReference; lastKnownFileType = sourcecode.swift; path = PostCollection.swift; sourceTree = "<group>"; };
/* End PBXFileReference section */

/* Begin PBXFrameworksBuildPhase section */
		FB70D3AE20CB78C80012C144 /* Frameworks */ = {
			isa = PBXFrameworksBuildPhase;
			buildActionMask = 2147483647;
			files = (
			);
			runOnlyForDeploymentPostprocessing = 0;
		};
/* End PBXFrameworksBuildPhase section */

/* Begin PBXGroup section */
		FB70D3A820CB78C80012C144 = {
			isa = PBXGroup;
			children = (
				FB70D3B320CB78C80012C144 /* ios_blog */,
				FB70D3B220CB78C80012C144 /* Products */,
			);
			sourceTree = "<group>";
		};
		FB70D3B220CB78C80012C144 /* Products */ = {
			isa = PBXGroup;
			children = (
				FB70D3B120CB78C80012C144 /* ios_blog.app */,
			);
			name = Products;
			sourceTree = "<group>";
		};
		FB70D3B320CB78C80012C144 /* ios_blog */ = {
			isa = PBXGroup;
			children = (
				FB70D3B420CB78C80012C144 /* AppDelegate.swift */,
				FB70D3B620CB78C80012C144 /* ViewController.swift */,
				FB70D3B820CB78C80012C144 /* Main.storyboard */,
				FB70D3BB20CB78CA0012C144 /* Assets.xcassets */,
				FB70D3BD20CB78CA0012C144 /* LaunchScreen.storyboard */,
				FB70D3C020CB78CA0012C144 /* Info.plist */,
				FBF9623120CD602900AB93F2 /* PostCollection.swift */,
				FB2C5EB620CEAD4B00F3B06D /* PostViewController.swift */,
			);
			path = ios_blog;
			sourceTree = "<group>";
		};
/* End PBXGroup section */

/* Begin PBXNativeTarget section */
		FB70D3B020CB78C80012C144 /* ios_blog */ = {
			isa = PBXNativeTarget;
			buildConfigurationList = FB70D3C320CB78CA0012C144 /* Build configuration list for PBXNativeTarget "ios_blog" */;
			buildPhases = (
				FB70D3AD20CB78C80012C144 /* Sources */,
				FB70D3AE20CB78C80012C144 /* Frameworks */,
				FB70D3AF20CB78C80012C144 /* Resources */,
			);
			buildRules = (
			);
			dependencies = (
			);
			name = ios_blog;
			productName = ios_blog;
			productReference = FB70D3B120CB78C80012C144 /* ios_blog.app */;
			productType = "com.apple.product-type.application";
		};
/* End PBXNativeTarget section */

/* Begin PBXProject section */
		FB70D3A920CB78C80012C144 /* Project object */ = {
			isa = PBXProject;
			attributes = {
				LastSwiftUpdateCheck = 0940;
				LastUpgradeCheck = 0940;
				ORGANIZATIONNAME = Daryl;
				TargetAttributes = {
					FB70D3B020CB78C80012C144 = {
						CreatedOnToolsVersion = 9.4;
					};
				};
			};
			buildConfigurationList = FB70D3AC20CB78C80012C144 /* Build configuration list for PBXProject "ios_blog" */;
			compatibilityVersion = "Xcode 9.3";
			developmentRegion = en;
			hasScannedForEncodings = 0;
			knownRegions = (
				en,
				Base,
			);
			mainGroup = FB70D3A820CB78C80012C144;
			productRefGroup = FB70D3B220CB78C80012C144 /* Products */;
			projectDirPath = "";
			projectRoot = "";
			targets = (
				FB70D3B020CB78C80012C144 /* ios_blog */,
			);
		};
/* End PBXProject section */

/* Begin PBXResourcesBuildPhase section */
		FB70D3AF20CB78C80012C144 /* Resources */ = {
			isa = PBXResourcesBuildPhase;
			buildActionMask = 2147483647;
			files = (
				FB70D3BF20CB78CA0012C144 /* LaunchScreen.storyboard in Resources */,
				FB70D3BC20CB78CA0012C144 /* Assets.xcassets in Resources */,
				FB70D3BA20CB78C80012C144 /* Main.storyboard in Resources */,
			);
			runOnlyForDeploymentPostprocessing = 0;
		};
/* End PBXResourcesBuildPhase section */

/* Begin PBXSourcesBuildPhase section */
		FB70D3AD20CB78C80012C144 /* Sources */ = {
			isa = PBXSourcesBuildPhase;
			buildActionMask = 2147483647;
			files = (
				FB2C5EB720CEAD4B00F3B06D /* PostViewController.swift in Sources */,
				FBF9623220CD602900AB93F2 /* PostCollection.swift in Sources */,
				FB70D3B720CB78C80012C144 /* ViewController.swift in Sources */,
				FB70D3B520CB78C80012C144 /* AppDelegate.swift in Sources */,
			);
			runOnlyForDeploymentPostprocessing = 0;
		};
/* End PBXSourcesBuildPhase section */

/* Begin PBXVariantGroup section */
		FB70D3B820CB78C80012C144 /* Main.storyboard */ = {
			isa = PBXVariantGroup;
			children = (
				FB70D3B920CB78C80012C144 /* Base */,
			);
			name = Main.storyboard;
			sourceTree = "<group>";
		};
		FB70D3BD20CB78CA0012C144 /* LaunchScreen.storyboard */ = {
			isa = PBXVariantGroup;
			children = (
				FB70D3BE20CB78CA0012C144 /* Base */,
			);
			name = LaunchScreen.storyboard;
			sourceTree = "<group>";
		};
/* End PBXVariantGroup section */

/* Begin XCBuildConfiguration section */
		FB70D3C120CB78CA0012C144 /* Debug */ = {
			isa = XCBuildConfiguration;
			buildSettings = {
				ALWAYS_SEARCH_USER_PATHS = NO;
				CLANG_ANALYZER_NONNULL = YES;
				CLANG_ANALYZER_NUMBER_OBJECT_CONVERSION = YES_AGGRESSIVE;
				CLANG_CXX_LANGUAGE_STANDARD = "gnu++14";
				CLANG_CXX_LIBRARY = "libc++";
				CLANG_ENABLE_MODULES = YES;
				CLANG_ENABLE_OBJC_ARC = YES;
				CLANG_ENABLE_OBJC_WEAK = YES;
				CLANG_WARN_BLOCK_CAPTURE_AUTORELEASING = YES;
				CLANG_WARN_BOOL_CONVERSION = YES;
				CLANG_WARN_COMMA = YES;
				CLANG_WARN_CONSTANT_CONVERSION = YES;
				CLANG_WARN_DEPRECATED_OBJC_IMPLEMENTATIONS = YES;
				CLANG_WARN_DIRECT_OBJC_ISA_USAGE = YES_ERROR;
				CLANG_WARN_DOCUMENTATION_COMMENTS = YES;
				CLANG_WARN_EMPTY_BODY = YES;
				CLANG_WARN_ENUM_CONVERSION = YES;
				CLANG_WARN_INFINITE_RECURSION = YES;
				CLANG_WARN_INT_CONVERSION = YES;
				CLANG_WARN_NON_LITERAL_NULL_CONVERSION = YES;
				CLANG_WARN_OBJC_IMPLICIT_RETAIN_SELF = YES;
				CLANG_WARN_OBJC_LITERAL_CONVERSION = YES;
				CLANG_WARN_OBJC_ROOT_CLASS = YES_ERROR;
				CLANG_WARN_RANGE_LOOP_ANALYSIS = YES;
				CLANG_WARN_STRICT_PROTOTYPES = YES;
				CLANG_WARN_SUSPICIOUS_MOVE = YES;
				CLANG_WARN_UNGUARDED_AVAILABILITY = YES_AGGRESSIVE;
				CLANG_WARN_UNREACHABLE_CODE = YES;
				CLANG_WARN__DUPLICATE_METHOD_MATCH = YES;
				CODE_SIGN_IDENTITY = "iPhone Developer";
				COPY_PHASE_STRIP = NO;
				DEBUG_INFORMATION_FORMAT = dwarf;
				ENABLE_STRICT_OBJC_MSGSEND = YES;
				ENABLE_TESTABILITY = YES;
				GCC_C_LANGUAGE_STANDARD = gnu11;
				GCC_DYNAMIC_NO_PIC = NO;
				GCC_NO_COMMON_BLOCKS = YES;
				GCC_OPTIMIZATION_LEVEL = 0;
				GCC_PREPROCESSOR_DEFINITIONS = (
					"DEBUG=1",
					"$(inherited)",
				);
				GCC_WARN_64_TO_32_BIT_CONVERSION = YES;
				GCC_WARN_ABOUT_RETURN_TYPE = YES_ERROR;
				GCC_WARN_UNDECLARED_SELECTOR = YES;
				GCC_WARN_UNINITIALIZED_AUTOS = YES_AGGRESSIVE;
				GCC_WARN_UNUSED_FUNCTION = YES;
				GCC_WARN_UNUSED_VARIABLE = YES;
				IPHONEOS_DEPLOYMENT_TARGET = 11.4;
				MTL_ENABLE_DEBUG_INFO = YES;
				ONLY_ACTIVE_ARCH = YES;
				SDKROOT = iphoneos;
				SWIFT_ACTIVE_COMPILATION_CONDITIONS = DEBUG;
				SWIFT_OPTIMIZATION_LEVEL = "-Onone";
			};
			name = Debug;
		};
		FB70D3C220CB78CA0012C144 /* Release */ = {
			isa = XCBuildConfiguration;
			buildSettings = {
				ALWAYS_SEARCH_USER_PATHS = NO;
				CLANG_ANALYZER_NONNULL = YES;
				CLANG_ANALYZER_NUMBER_OBJECT_CONVERSION = YES_AGGRESSIVE;
				CLANG_CXX_LANGUAGE_STANDARD = "gnu++14";
				CLANG_CXX_LIBRARY = "libc++";
				CLANG_ENABLE_MODULES = YES;
				CLANG_ENABLE_OBJC_ARC = YES;
				CLANG_ENABLE_OBJC_WEAK = YES;
				CLANG_WARN_BLOCK_CAPTURE_AUTORELEASING = YES;
				CLANG_WARN_BOOL_CONVERSION = YES;
				CLANG_WARN_COMMA = YES;
				CLANG_WARN_CONSTANT_CONVERSION = YES;
				CLANG_WARN_DEPRECATED_OBJC_IMPLEMENTATIONS = YES;
				CLANG_WARN_DIRECT_OBJC_ISA_USAGE = YES_ERROR;
				CLANG_WARN_DOCUMENTATION_COMMENTS = YES;
				CLANG_WARN_EMPTY_BODY = YES;
				CLANG_WARN_ENUM_CONVERSION = YES;
				CLANG_WARN_INFINITE_RECURSION = YES;
				CLANG_WARN_INT_CONVERSION = YES;
				CLANG_WARN_NON_LITERAL_NULL_CONVERSION = YES;
				CLANG_WARN_OBJC_IMPLICIT_RETAIN_SELF = YES;
				CLANG_WARN_OBJC_LITERAL_CONVERSION = YES;
				CLANG_WARN_OBJC_ROOT_CLASS = YES_ERROR;
				CLANG_WARN_RANGE_LOOP_ANALYSIS = YES;
				CLANG_WARN_STRICT_PROTOTYPES = YES;
				CLANG_WARN_SUSPICIOUS_MOVE = YES;
				CLANG_WARN_UNGUARDED_AVAILABILITY = YES_AGGRESSIVE;
				CLANG_WARN_UNREACHABLE_CODE = YES;
				CLANG_WARN__DUPLICATE_METHOD_MATCH = YES;
				CODE_SIGN_IDENTITY = "iPhone Developer";
				COPY_PHASE_STRIP = NO;
				DEBUG_INFORMATION_FORMAT = "dwarf-with-dsym";
				ENABLE_NS_ASSERTIONS = NO;
				ENABLE_STRICT_OBJC_MSGSEND = YES;
				GCC_C_LANGUAGE_STANDARD = gnu11;
				GCC_NO_COMMON_BLOCKS = YES;
				GCC_WARN_64_TO_32_BIT_CONVERSION = YES;
				GCC_WARN_ABOUT_RETURN_TYPE = YES_ERROR;
				GCC_WARN_UNDECLARED_SELECTOR = YES;
				GCC_WARN_UNINITIALIZED_AUTOS = YES_AGGRESSIVE;
				GCC_WARN_UNUSED_FUNCTION = YES;
				GCC_WARN_UNUSED_VARIABLE = YES;
				IPHONEOS_DEPLOYMENT_TARGET = 11.4;
				MTL_ENABLE_DEBUG_INFO = NO;
				SDKROOT = iphoneos;
				SWIFT_COMPILATION_MODE = wholemodule;
				SWIFT_OPTIMIZATION_LEVEL = "-O";
				VALIDATE_PRODUCT = YES;
			};
			name = Release;
		};
		FB70D3C420CB78CA0012C144 /* Debug */ = {
			isa = XCBuildConfiguration;
			buildSettings = {
				ASSETCATALOG_COMPILER_APPICON_NAME = AppIcon;
				CODE_SIGN_STYLE = Automatic;
				DEVELOPMENT_TEAM = SBYW4Z8RW3;
				INFOPLIST_FILE = ios_blog/Info.plist;
				LD_RUNPATH_SEARCH_PATHS = (
					"$(inherited)",
					"@executable_path/Frameworks",
				);
				PRODUCT_BUNDLE_IDENTIFIER = "me.ios-blog";
				PRODUCT_NAME = "$(TARGET_NAME)";
				SWIFT_VERSION = 4.0;
				TARGETED_DEVICE_FAMILY = 1;
			};
			name = Debug;
		};
		FB70D3C520CB78CA0012C144 /* Release */ = {
			isa = XCBuildConfiguration;
			buildSettings = {
				ASSETCATALOG_COMPILER_APPICON_NAME = AppIcon;
				CODE_SIGN_STYLE = Automatic;
				DEVELOPMENT_TEAM = SBYW4Z8RW3;
				INFOPLIST_FILE = ios_blog/Info.plist;
				LD_RUNPATH_SEARCH_PATHS = (
					"$(inherited)",
					"@executable_path/Frameworks",
				);
				PRODUCT_BUNDLE_IDENTIFIER = "me.ios-blog";
				PRODUCT_NAME = "$(TARGET_NAME)";
				SWIFT_VERSION = 4.0;
				TARGETED_DEVICE_FAMILY = 1;
			};
			name = Release;
		};
/* End XCBuildConfiguration section */

/* Begin XCConfigurationList section */
		FB70D3AC20CB78C80012C144 /* Build configuration list for PBXProject "ios_blog" */ = {
			isa = XCConfigurationList;
			buildConfigurations = (
				FB70D3C120CB78CA0012C144 /* Debug */,
				FB70D3C220CB78CA0012C144 /* Release */,
			);
			defaultConfigurationIsVisible = 0;
			defaultConfigurationName = Release;
		};
		FB70D3C320CB78CA0012C144 /* Build configuration list for PBXNativeTarget "ios_blog" */ = {
			isa = XCConfigurationList;
			buildConfigurations = (
				FB70D3C420CB78CA0012C144 /* Debug */,
				FB70D3C520CB78CA0012C144 /* Release */,
			);
			defaultConfigurationIsVisible = 0;
			defaultConfigurationName = Release;
		};
/* End XCConfigurationList section */
	};
	rootObject = FB70D3A920CB78C80012C144 /* Project object */;
}
